
Microsoft Visual Studio Solution File, Format Version 12.00
# Visual Studio 14
VisualStudioVersion = 14.0.22310.1
MinimumVisualStudioVersion = 10.0.40219.1
Project("{FAE04EC0-301F-11D3-BF4B-00C04F79EFBC}") = "ProjetoCafezinho", "ProjetoCafezinho\ProjetoCafezinho.csproj", "{C5ECFA9F-6133-42B3-8DAD-03A5A3521B07}"
EndProject
Project("{FAE04EC0-301F-11D3-BF4B-00C04F79EFBC}") = "ProjetoCafezinho.Tests", "ProjetoCafezinho.Tests\ProjetoCafezinho.Tests.csproj", "{AFAF841C-7948-46F0-A1AF-BD792FA26FD1}"
EndProject
Project("{2150E333-8FDC-42A3-9474-1A3956D46DE8}") = ".nuget", ".nuget", "{E445AF76-3A66-48AC-98DE-AC77E7A2B10E}"
	ProjectSection(SolutionItems) = preProject
		.nuget\packages.config = .nuget\packages.config
	EndProjectSection
EndProject
Global
	GlobalSection(SolutionConfigurationPlatforms) = preSolution
		Debug|Any CPU = Debug|Any CPU
		Release|Any CPU = Release|Any CPU
	EndGlobalSection
	GlobalSection(ProjectConfigurationPlatforms) = postSolution
		{C5ECFA9F-6133-42B3-8DAD-03A5A3521B07}.Debug|Any CPU.ActiveCfg = Debug|Any CPU
		{C5ECFA9F-6133-42B3-8DAD-03A5A3521B07}.Debug|Any CPU.Build.0 = Debug|Any CPU
		{C5ECFA9F-6133-42B3-8DAD-03A5A3521B07}.Release|Any CPU.ActiveCfg = Release|Any CPU
		{C5ECFA9F-6133-42B3-8DAD-03A5A3521B07}.Release|Any CPU.Build.0 = Release|Any CPU
		{AFAF841C-7948-46F0-A1AF-BD792FA26FD1}.Debug|Any CPU.ActiveCfg = Debug|Any CPU
		{AFAF841C-7948-46F0-A1AF-BD792FA26FD1}.Debug|Any CPU.Build.0 = Debug|Any CPU
		{AFAF841C-7948-46F0-A1AF-BD792FA26FD1}.Release|Any CPU.ActiveCfg = Release|Any CPU
		{AFAF841C-7948-46F0-A1AF-BD792FA26FD1}.Release|Any CPU.Build.0 = Release|Any CPU
	EndGlobalSection
	GlobalSection(SolutionProperties) = preSolution
		HideSolutionNode = FALSE
	EndGlobalSection
EndGlobal
